
Microsoft Visual Studio Solution File, Format Version 12.00
# Visual Studio Version 17
VisualStudioVersion = 17.14.36518.9
MinimumVisualStudioVersion = 10.0.40219.1
Project("{FAE04EC0-301F-11D3-BF4B-00C04F79EFBC}") = "ProjectDefense.Web", "ProjectDefense\ProjectDefense.Web.csproj", "{502430E9-0A4E-435F-92C6-4C67DB71CDE8}"
EndProject
Project("{FAE04EC0-301F-11D3-BF4B-00C04F79EFBC}") = "ProjectDefense.Domain", "ProjectDefense.Domain\ProjectDefense.Domain.csproj", "{2D790BDE-2C71-4EB3-8D8B-D702BB08E486}"
EndProject
Project("{FAE04EC0-301F-11D3-BF4B-00C04F79EFBC}") = "ProjectDefense.Application", "ProjectDefense.Application\ProjectDefense.Application.csproj", "{C9F1CD82-B59F-4CF9-9D63-6A859498EF4B}"
EndProject
Project("{FAE04EC0-301F-11D3-BF4B-00C04F79EFBC}") = "ProjectDefense.Infrastructure", "ProjectDefense.Infrastructure\ProjectDefense.Infrastructure.csproj", "{D9FD1378-6BDE-42A4-842C-0656C1BD5112}"
EndProject
Project("{FAE04EC0-301F-11D3-BF4B-00C04F79EFBC}") = "ProjectDefense.ConsoleApp", "ProjectDefense.ConsoleApp\ProjectDefense.ConsoleApp.csproj", "{05D8077F-D19A-44C3-B5DE-FBB0A4C77815}"
EndProject
Global
	GlobalSection(SolutionConfigurationPlatforms) = preSolution
		Debug|Any CPU = Debug|Any CPU
		Release|Any CPU = Release|Any CPU
	EndGlobalSection
	GlobalSection(ProjectConfigurationPlatforms) = postSolution
		{502430E9-0A4E-435F-92C6-4C67DB71CDE8}.Debug|Any CPU.ActiveCfg = Debug|Any CPU
		{502430E9-0A4E-435F-92C6-4C67DB71CDE8}.Debug|Any CPU.Build.0 = Debug|Any CPU
		{502430E9-0A4E-435F-92C6-4C67DB71CDE8}.Release|Any CPU.ActiveCfg = Release|Any CPU
		{502430E9-0A4E-435F-92C6-4C67DB71CDE8}.Release|Any CPU.Build.0 = Release|Any CPU
		{2D790BDE-2C71-4EB3-8D8B-D702BB08E486}.Debug|Any CPU.ActiveCfg = Debug|Any CPU
		{2D790BDE-2C71-4EB3-8D8B-D702BB08E486}.Debug|Any CPU.Build.0 = Debug|Any CPU
		{2D790BDE-2C71-4EB3-8D8B-D702BB08E486}.Release|Any CPU.ActiveCfg = Release|Any CPU
		{2D790BDE-2C71-4EB3-8D8B-D702BB08E486}.Release|Any CPU.Build.0 = Release|Any CPU
		{C9F1CD82-B59F-4CF9-9D63-6A859498EF4B}.Debug|Any CPU.ActiveCfg = Debug|Any CPU
		{C9F1CD82-B59F-4CF9-9D63-6A859498EF4B}.Debug|Any CPU.Build.0 = Debug|Any CPU
		{C9F1CD82-B59F-4CF9-9D63-6A859498EF4B}.Release|Any CPU.ActiveCfg = Release|Any CPU
		{C9F1CD82-B59F-4CF9-9D63-6A859498EF4B}.Release|Any CPU.Build.0 = Release|Any CPU
		{D9FD1378-6BDE-42A4-842C-0656C1BD5112}.Debug|Any CPU.ActiveCfg = Debug|Any CPU
		{D9FD1378-6BDE-42A4-842C-0656C1BD5112}.Debug|Any CPU.Build.0 = Debug|Any CPU
		{D9FD1378-6BDE-42A4-842C-0656C1BD5112}.Release|Any CPU.ActiveCfg = Release|Any CPU
		{D9FD1378-6BDE-42A4-842C-0656C1BD5112}.Release|Any CPU.Build.0 = Release|Any CPU
		{05D8077F-D19A-44C3-B5DE-FBB0A4C77815}.Debug|Any CPU.ActiveCfg = Debug|Any CPU
		{05D8077F-D19A-44C3-B5DE-FBB0A4C77815}.Debug|Any CPU.Build.0 = Debug|Any CPU
		{05D8077F-D19A-44C3-B5DE-FBB0A4C77815}.Release|Any CPU.ActiveCfg = Release|Any CPU
		{05D8077F-D19A-44C3-B5DE-FBB0A4C77815}.Release|Any CPU.Build.0 = Release|Any CPU
	EndGlobalSection
	GlobalSection(SolutionProperties) = preSolution
		HideSolutionNode = FALSE
	EndGlobalSection
	GlobalSection(ExtensibilityGlobals) = postSolution
		SolutionGuid = {02CD927D-70A0-4CEF-A3E1-12CBA5614ADF}
	EndGlobalSection
EndGlobal
